// !$*UTF8*$!
{
	archiveVersion = 1;
	classes = {
	};
	objectVersion = 50;
	objects = {

/* Begin PBXBuildFile section */
		18F6F04F24D1C3330068AFA2 /* AppDelegate.swift in Sources */ = {isa = PBXBuildFile; fileRef = 18F6F04E24D1C3330068AFA2 /* AppDelegate.swift */; };
		18F6F05124D1C3330068AFA2 /* SceneDelegate.swift in Sources */ = {isa = PBXBuildFile; fileRef = 18F6F05024D1C3330068AFA2 /* SceneDelegate.swift */; };
		18F6F05324D1C3330068AFA2 /* ViewController.swift in Sources */ = {isa = PBXBuildFile; fileRef = 18F6F05224D1C3330068AFA2 /* ViewController.swift */; };
		18F6F05624D1C3330068AFA2 /* Main.storyboard in Resources */ = {isa = PBXBuildFile; fileRef = 18F6F05424D1C3330068AFA2 /* Main.storyboard */; };
		18F6F05924D1C3330068AFA2 /* Voyage.xcdatamodeld in Sources */ = {isa = PBXBuildFile; fileRef = 18F6F05724D1C3330068AFA2 /* Voyage.xcdatamodeld */; };
		18F6F05B24D1C3350068AFA2 /* Assets.xcassets in Resources */ = {isa = PBXBuildFile; fileRef = 18F6F05A24D1C3350068AFA2 /* Assets.xcassets */; };
		18F6F05E24D1C3350068AFA2 /* LaunchScreen.storyboard in Resources */ = {isa = PBXBuildFile; fileRef = 18F6F05C24D1C3350068AFA2 /* LaunchScreen.storyboard */; };
		18F6F06924D1C3360068AFA2 /* VoyageTests.swift in Sources */ = {isa = PBXBuildFile; fileRef = 18F6F06824D1C3360068AFA2 /* VoyageTests.swift */; };
		18F6F07424D1C3360068AFA2 /* VoyageUITests.swift in Sources */ = {isa = PBXBuildFile; fileRef = 18F6F07324D1C3360068AFA2 /* VoyageUITests.swift */; };
/* End PBXBuildFile section */

/* Begin PBXContainerItemProxy section */
		18F6F06524D1C3360068AFA2 /* PBXContainerItemProxy */ = {
			isa = PBXContainerItemProxy;
			containerPortal = 18F6F04324D1C3330068AFA2 /* Project object */;
			proxyType = 1;
			remoteGlobalIDString = 18F6F04A24D1C3330068AFA2;
			remoteInfo = Voyage;
		};
		18F6F07024D1C3360068AFA2 /* PBXContainerItemProxy */ = {
			isa = PBXContainerItemProxy;
			containerPortal = 18F6F04324D1C3330068AFA2 /* Project object */;
			proxyType = 1;
			remoteGlobalIDString = 18F6F04A24D1C3330068AFA2;
			remoteInfo = Voyage;
		};
/* End PBXContainerItemProxy section */

/* Begin PBXFileReference section */
		18F6F04B24D1C3330068AFA2 /* Voyage.app */ = {isa = PBXFileReference; explicitFileType = wrapper.application; includeInIndex = 0; path = Voyage.app; sourceTree = BUILT_PRODUCTS_DIR; };
		18F6F04E24D1C3330068AFA2 /* AppDelegate.swift */ = {isa = PBXFileReference; lastKnownFileType = sourcecode.swift; path = AppDelegate.swift; sourceTree = "<group>"; };
		18F6F05024D1C3330068AFA2 /* SceneDelegate.swift */ = {isa = PBXFileReference; lastKnownFileType = sourcecode.swift; path = SceneDelegate.swift; sourceTree = "<group>"; };
		18F6F05224D1C3330068AFA2 /* ViewController.swift */ = {isa = PBXFileReference; lastKnownFileType = sourcecode.swift; path = ViewController.swift; sourceTree = "<group>"; };
		18F6F05524D1C3330068AFA2 /* Base */ = {isa = PBXFileReference; lastKnownFileType = file.storyboard; name = Base; path = Base.lproj/Main.storyboard; sourceTree = "<group>"; };
		18F6F05824D1C3330068AFA2 /* Voyage.xcdatamodel */ = {isa = PBXFileReference; lastKnownFileType = wrapper.xcdatamodel; path = Voyage.xcdatamodel; sourceTree = "<group>"; };
		18F6F05A24D1C3350068AFA2 /* Assets.xcassets */ = {isa = PBXFileReference; lastKnownFileType = folder.assetcatalog; path = Assets.xcassets; sourceTree = "<group>"; };
		18F6F05D24D1C3350068AFA2 /* Base */ = {isa = PBXFileReference; lastKnownFileType = file.storyboard; name = Base; path = Base.lproj/LaunchScreen.storyboard; sourceTree = "<group>"; };
		18F6F05F24D1C3350068AFA2 /* Info.plist */ = {isa = PBXFileReference; lastKnownFileType = text.plist.xml; path = Info.plist; sourceTree = "<group>"; };
		18F6F06424D1C3360068AFA2 /* VoyageTests.xctest */ = {isa = PBXFileReference; explicitFileType = wrapper.cfbundle; includeInIndex = 0; path = VoyageTests.xctest; sourceTree = BUILT_PRODUCTS_DIR; };
		18F6F06824D1C3360068AFA2 /* VoyageTests.swift */ = {isa = PBXFileReference; lastKnownFileType = sourcecode.swift; path = VoyageTests.swift; sourceTree = "<group>"; };
		18F6F06A24D1C3360068AFA2 /* Info.plist */ = {isa = PBXFileReference; lastKnownFileType = text.plist.xml; path = Info.plist; sourceTree = "<group>"; };
		18F6F06F24D1C3360068AFA2 /* VoyageUITests.xctest */ = {isa = PBXFileReference; explicitFileType = wrapper.cfbundle; includeInIndex = 0; path = VoyageUITests.xctest; sourceTree = BUILT_PRODUCTS_DIR; };
		18F6F07324D1C3360068AFA2 /* VoyageUITests.swift */ = {isa = PBXFileReference; lastKnownFileType = sourcecode.swift; path = VoyageUITests.swift; sourceTree = "<group>"; };
		18F6F07524D1C3360068AFA2 /* Info.plist */ = {isa = PBXFileReference; lastKnownFileType = text.plist.xml; path = Info.plist; sourceTree = "<group>"; };
/* End PBXFileReference section */

/* Begin PBXFrameworksBuildPhase section */
		18F6F04824D1C3330068AFA2 /* Frameworks */ = {
			isa = PBXFrameworksBuildPhase;
			buildActionMask = 2147483647;
			files = (
			);
			runOnlyForDeploymentPostprocessing = 0;
		};
		18F6F06124D1C3360068AFA2 /* Frameworks */ = {
			isa = PBXFrameworksBuildPhase;
			buildActionMask = 2147483647;
			files = (
			);
			runOnlyForDeploymentPostprocessing = 0;
		};
		18F6F06C24D1C3360068AFA2 /* Frameworks */ = {
			isa = PBXFrameworksBuildPhase;
			buildActionMask = 2147483647;
			files = (
			);
			runOnlyForDeploymentPostprocessing = 0;
		};
/* End PBXFrameworksBuildPhase section */

/* Begin PBXGroup section */
		18F6F04224D1C3330068AFA2 = {
			isa = PBXGroup;
			children = (
				18F6F04D24D1C3330068AFA2 /* Voyage */,
				18F6F06724D1C3360068AFA2 /* VoyageTests */,
				18F6F07224D1C3360068AFA2 /* VoyageUITests */,
				18F6F04C24D1C3330068AFA2 /* Products */,
			);
			sourceTree = "<group>";
		};
		18F6F04C24D1C3330068AFA2 /* Products */ = {
			isa = PBXGroup;
			children = (
				18F6F04B24D1C3330068AFA2 /* Voyage.app */,
				18F6F06424D1C3360068AFA2 /* VoyageTests.xctest */,
				18F6F06F24D1C3360068AFA2 /* VoyageUITests.xctest */,
			);
			name = Products;
			sourceTree = "<group>";
		};
		18F6F04D24D1C3330068AFA2 /* Voyage */ = {
			isa = PBXGroup;
			children = (
				18F6F04E24D1C3330068AFA2 /* AppDelegate.swift */,
				18F6F05024D1C3330068AFA2 /* SceneDelegate.swift */,
				18F6F05224D1C3330068AFA2 /* ViewController.swift */,
				18F6F05424D1C3330068AFA2 /* Main.storyboard */,
				18F6F05A24D1C3350068AFA2 /* Assets.xcassets */,
				18F6F05C24D1C3350068AFA2 /* LaunchScreen.storyboard */,
				18F6F05F24D1C3350068AFA2 /* Info.plist */,
				18F6F05724D1C3330068AFA2 /* Voyage.xcdatamodeld */,
			);
			path = Voyage;
			sourceTree = "<group>";
		};
		18F6F06724D1C3360068AFA2 /* VoyageTests */ = {
			isa = PBXGroup;
			children = (
				18F6F06824D1C3360068AFA2 /* VoyageTests.swift */,
				18F6F06A24D1C3360068AFA2 /* Info.plist */,
			);
			path = VoyageTests;
			sourceTree = "<group>";
		};
		18F6F07224D1C3360068AFA2 /* VoyageUITests */ = {
			isa = PBXGroup;
			children = (
				18F6F07324D1C3360068AFA2 /* VoyageUITests.swift */,
				18F6F07524D1C3360068AFA2 /* Info.plist */,
			);
			path = VoyageUITests;
			sourceTree = "<group>";
		};
/* End PBXGroup section */

/* Begin PBXNativeTarget section */
		18F6F04A24D1C3330068AFA2 /* Voyage */ = {
			isa = PBXNativeTarget;
			buildConfigurationList = 18F6F07824D1C3360068AFA2 /* Build configuration list for PBXNativeTarget "Voyage" */;
			buildPhases = (
				18F6F04724D1C3330068AFA2 /* Sources */,
				18F6F04824D1C3330068AFA2 /* Frameworks */,
				18F6F04924D1C3330068AFA2 /* Resources */,
			);
			buildRules = (
			);
			dependencies = (
			);
			name = Voyage;
			productName = Voyage;
			productReference = 18F6F04B24D1C3330068AFA2 /* Voyage.app */;
			productType = "com.apple.product-type.application";
		};
		18F6F06324D1C3360068AFA2 /* VoyageTests */ = {
			isa = PBXNativeTarget;
			buildConfigurationList = 18F6F07B24D1C3360068AFA2 /* Build configuration list for PBXNativeTarget "VoyageTests" */;
			buildPhases = (
				18F6F06024D1C3360068AFA2 /* Sources */,
				18F6F06124D1C3360068AFA2 /* Frameworks */,
				18F6F06224D1C3360068AFA2 /* Resources */,
			);
			buildRules = (
			);
			dependencies = (
				18F6F06624D1C3360068AFA2 /* PBXTargetDependency */,
			);
			name = VoyageTests;
			productName = VoyageTests;
			productReference = 18F6F06424D1C3360068AFA2 /* VoyageTests.xctest */;
			productType = "com.apple.product-type.bundle.unit-test";
		};
		18F6F06E24D1C3360068AFA2 /* VoyageUITests */ = {
			isa = PBXNativeTarget;
			buildConfigurationList = 18F6F07E24D1C3360068AFA2 /* Build configuration list for PBXNativeTarget "VoyageUITests" */;
			buildPhases = (
				18F6F06B24D1C3360068AFA2 /* Sources */,
				18F6F06C24D1C3360068AFA2 /* Frameworks */,
				18F6F06D24D1C3360068AFA2 /* Resources */,
			);
			buildRules = (
			);
			dependencies = (
				18F6F07124D1C3360068AFA2 /* PBXTargetDependency */,
			);
			name = VoyageUITests;
			productName = VoyageUITests;
			productReference = 18F6F06F24D1C3360068AFA2 /* VoyageUITests.xctest */;
			productType = "com.apple.product-type.bundle.ui-testing";
		};
/* End PBXNativeTarget section */

/* Begin PBXProject section */
		18F6F04324D1C3330068AFA2 /* Project object */ = {
			isa = PBXProject;
			attributes = {
				LastSwiftUpdateCheck = 1150;
				LastUpgradeCheck = 1150;
				ORGANIZATIONNAME = "Elliana Schmitt";
				TargetAttributes = {
					18F6F04A24D1C3330068AFA2 = {
						CreatedOnToolsVersion = 11.5;
					};
					18F6F06324D1C3360068AFA2 = {
						CreatedOnToolsVersion = 11.5;
						TestTargetID = 18F6F04A24D1C3330068AFA2;
					};
					18F6F06E24D1C3360068AFA2 = {
						CreatedOnToolsVersion = 11.5;
						TestTargetID = 18F6F04A24D1C3330068AFA2;
					};
				};
			};
			buildConfigurationList = 18F6F04624D1C3330068AFA2 /* Build configuration list for PBXProject "Voyage" */;
			compatibilityVersion = "Xcode 9.3";
			developmentRegion = en;
			hasScannedForEncodings = 0;
			knownRegions = (
				en,
				Base,
			);
			mainGroup = 18F6F04224D1C3330068AFA2;
			productRefGroup = 18F6F04C24D1C3330068AFA2 /* Products */;
			projectDirPath = "";
			projectRoot = "";
			targets = (
				18F6F04A24D1C3330068AFA2 /* Voyage */,
				18F6F06324D1C3360068AFA2 /* VoyageTests */,
				18F6F06E24D1C3360068AFA2 /* VoyageUITests */,
			);
		};
/* End PBXProject section */

/* Begin PBXResourcesBuildPhase section */
		18F6F04924D1C3330068AFA2 /* Resources */ = {
			isa = PBXResourcesBuildPhase;
			buildActionMask = 2147483647;
			files = (
				18F6F05E24D1C3350068AFA2 /* LaunchScreen.storyboard in Resources */,
				18F6F05B24D1C3350068AFA2 /* Assets.xcassets in Resources */,
				18F6F05624D1C3330068AFA2 /* Main.storyboard in Resources */,
			);
			runOnlyForDeploymentPostprocessing = 0;
		};
		18F6F06224D1C3360068AFA2 /* Resources */ = {
			isa = PBXResourcesBuildPhase;
			buildActionMask = 2147483647;
			files = (
			);
			runOnlyForDeploymentPostprocessing = 0;
		};
		18F6F06D24D1C3360068AFA2 /* Resources */ = {
			isa = PBXResourcesBuildPhase;
			buildActionMask = 2147483647;
			files = (
			);
			runOnlyForDeploymentPostprocessing = 0;
		};
/* End PBXResourcesBuildPhase section */

/* Begin PBXSourcesBuildPhase section */
		18F6F04724D1C3330068AFA2 /* Sources */ = {
			isa = PBXSourcesBuildPhase;
			buildActionMask = 2147483647;
			files = (
				18F6F05324D1C3330068AFA2 /* ViewController.swift in Sources */,
				18F6F04F24D1C3330068AFA2 /* AppDelegate.swift in Sources */,
				18F6F05924D1C3330068AFA2 /* Voyage.xcdatamodeld in Sources */,
				18F6F05124D1C3330068AFA2 /* SceneDelegate.swift in Sources */,
			);
			runOnlyForDeploymentPostprocessing = 0;
		};
		18F6F06024D1C3360068AFA2 /* Sources */ = {
			isa = PBXSourcesBuildPhase;
			buildActionMask = 2147483647;
			files = (
				18F6F06924D1C3360068AFA2 /* VoyageTests.swift in Sources */,
			);
			runOnlyForDeploymentPostprocessing = 0;
		};
		18F6F06B24D1C3360068AFA2 /* Sources */ = {
			isa = PBXSourcesBuildPhase;
			buildActionMask = 2147483647;
			files = (
				18F6F07424D1C3360068AFA2 /* VoyageUITests.swift in Sources */,
			);
			runOnlyForDeploymentPostprocessing = 0;
		};
/* End PBXSourcesBuildPhase section */

/* Begin PBXTargetDependency section */
		18F6F06624D1C3360068AFA2 /* PBXTargetDependency */ = {
			isa = PBXTargetDependency;
			target = 18F6F04A24D1C3330068AFA2 /* Voyage */;
			targetProxy = 18F6F06524D1C3360068AFA2 /* PBXContainerItemProxy */;
		};
		18F6F07124D1C3360068AFA2 /* PBXTargetDependency */ = {
			isa = PBXTargetDependency;
			target = 18F6F04A24D1C3330068AFA2 /* Voyage */;
			targetProxy = 18F6F07024D1C3360068AFA2 /* PBXContainerItemProxy */;
		};
/* End PBXTargetDependency section */

/* Begin PBXVariantGroup section */
		18F6F05424D1C3330068AFA2 /* Main.storyboard */ = {
			isa = PBXVariantGroup;
			children = (
				18F6F05524D1C3330068AFA2 /* Base */,
			);
			name = Main.storyboard;
			sourceTree = "<group>";
		};
		18F6F05C24D1C3350068AFA2 /* LaunchScreen.storyboard */ = {
			isa = PBXVariantGroup;
			children = (
				18F6F05D24D1C3350068AFA2 /* Base */,
			);
			name = LaunchScreen.storyboard;
			sourceTree = "<group>";
		};
/* End PBXVariantGroup section */

/* Begin XCBuildConfiguration section */
		18F6F07624D1C3360068AFA2 /* Debug */ = {
			isa = XCBuildConfiguration;
			buildSettings = {
				ALWAYS_SEARCH_USER_PATHS = NO;
				CLANG_ANALYZER_NONNULL = YES;
				CLANG_ANALYZER_NUMBER_OBJECT_CONVERSION = YES_AGGRESSIVE;
				CLANG_CXX_LANGUAGE_STANDARD = "gnu++14";
				CLANG_CXX_LIBRARY = "libc++";
				CLANG_ENABLE_MODULES = YES;
				CLANG_ENABLE_OBJC_ARC = YES;
				CLANG_ENABLE_OBJC_WEAK = YES;
				CLANG_WARN_BLOCK_CAPTURE_AUTORELEASING = YES;
				CLANG_WARN_BOOL_CONVERSION = YES;
				CLANG_WARN_COMMA = YES;
				CLANG_WARN_CONSTANT_CONVERSION = YES;
				CLANG_WARN_DEPRECATED_OBJC_IMPLEMENTATIONS = YES;
				CLANG_WARN_DIRECT_OBJC_ISA_USAGE = YES_ERROR;
				CLANG_WARN_DOCUMENTATION_COMMENTS = YES;
				CLANG_WARN_EMPTY_BODY = YES;
				CLANG_WARN_ENUM_CONVERSION = YES;
				CLANG_WARN_INFINITE_RECURSION = YES;
				CLANG_WARN_INT_CONVERSION = YES;
				CLANG_WARN_NON_LITERAL_NULL_CONVERSION = YES;
				CLANG_WARN_OBJC_IMPLICIT_RETAIN_SELF = YES;
				CLANG_WARN_OBJC_LITERAL_CONVERSION = YES;
				CLANG_WARN_OBJC_ROOT_CLASS = YES_ERROR;
				CLANG_WARN_RANGE_LOOP_ANALYSIS = YES;
				CLANG_WARN_STRICT_PROTOTYPES = YES;
				CLANG_WARN_SUSPICIOUS_MOVE = YES;
				CLANG_WARN_UNGUARDED_AVAILABILITY = YES_AGGRESSIVE;
				CLANG_WARN_UNREACHABLE_CODE = YES;
				CLANG_WARN__DUPLICATE_METHOD_MATCH = YES;
				COPY_PHASE_STRIP = NO;
				DEBUG_INFORMATION_FORMAT = dwarf;
				ENABLE_STRICT_OBJC_MSGSEND = YES;
				ENABLE_TESTABILITY = YES;
				GCC_C_LANGUAGE_STANDARD = gnu11;
				GCC_DYNAMIC_NO_PIC = NO;
				GCC_NO_COMMON_BLOCKS = YES;
				GCC_OPTIMIZATION_LEVEL = 0;
				GCC_PREPROCESSOR_DEFINITIONS = (
					"DEBUG=1",
					"$(inherited)",
				);
				GCC_WARN_64_TO_32_BIT_CONVERSION = YES;
				GCC_WARN_ABOUT_RETURN_TYPE = YES_ERROR;
				GCC_WARN_UNDECLARED_SELECTOR = YES;
				GCC_WARN_UNINITIALIZED_AUTOS = YES_AGGRESSIVE;
				GCC_WARN_UNUSED_FUNCTION = YES;
				GCC_WARN_UNUSED_VARIABLE = YES;
				IPHONEOS_DEPLOYMENT_TARGET = 13.5;
				MTL_ENABLE_DEBUG_INFO = INCLUDE_SOURCE;
				MTL_FAST_MATH = YES;
				ONLY_ACTIVE_ARCH = YES;
				SDKROOT = iphoneos;
				SWIFT_ACTIVE_COMPILATION_CONDITIONS = DEBUG;
				SWIFT_OPTIMIZATION_LEVEL = "-Onone";
			};
			name = Debug;
		};
		18F6F07724D1C3360068AFA2 /* Release */ = {
			isa = XCBuildConfiguration;
			buildSettings = {
				ALWAYS_SEARCH_USER_PATHS = NO;
				CLANG_ANALYZER_NONNULL = YES;
				CLANG_ANALYZER_NUMBER_OBJECT_CONVERSION = YES_AGGRESSIVE;
				CLANG_CXX_LANGUAGE_STANDARD = "gnu++14";
				CLANG_CXX_LIBRARY = "libc++";
				CLANG_ENABLE_MODULES = YES;
				CLANG_ENABLE_OBJC_ARC = YES;
				CLANG_ENABLE_OBJC_WEAK = YES;
				CLANG_WARN_BLOCK_CAPTURE_AUTORELEASING = YES;
				CLANG_WARN_BOOL_CONVERSION = YES;
				CLANG_WARN_COMMA = YES;
				CLANG_WARN_CONSTANT_CONVERSION = YES;
				CLANG_WARN_DEPRECATED_OBJC_IMPLEMENTATIONS = YES;
				CLANG_WARN_DIRECT_OBJC_ISA_USAGE = YES_ERROR;
				CLANG_WARN_DOCUMENTATION_COMMENTS = YES;
				CLANG_WARN_EMPTY_BODY = YES;
				CLANG_WARN_ENUM_CONVERSION = YES;
				CLANG_WARN_INFINITE_RECURSION = YES;
				CLANG_WARN_INT_CONVERSION = YES;
				CLANG_WARN_NON_LITERAL_NULL_CONVERSION = YES;
				CLANG_WARN_OBJC_IMPLICIT_RETAIN_SELF = YES;
				CLANG_WARN_OBJC_LITERAL_CONVERSION = YES;
				CLANG_WARN_OBJC_ROOT_CLASS = YES_ERROR;
				CLANG_WARN_RANGE_LOOP_ANALYSIS = YES;
				CLANG_WARN_STRICT_PROTOTYPES = YES;
				CLANG_WARN_SUSPICIOUS_MOVE = YES;
				CLANG_WARN_UNGUARDED_AVAILABILITY = YES_AGGRESSIVE;
				CLANG_WARN_UNREACHABLE_CODE = YES;
				CLANG_WARN__DUPLICATE_METHOD_MATCH = YES;
				COPY_PHASE_STRIP = NO;
				DEBUG_INFORMATION_FORMAT = "dwarf-with-dsym";
				ENABLE_NS_ASSERTIONS = NO;
				ENABLE_STRICT_OBJC_MSGSEND = YES;
				GCC_C_LANGUAGE_STANDARD = gnu11;
				GCC_NO_COMMON_BLOCKS = YES;
				GCC_WARN_64_TO_32_BIT_CONVERSION = YES;
				GCC_WARN_ABOUT_RETURN_TYPE = YES_ERROR;
				GCC_WARN_UNDECLARED_SELECTOR = YES;
				GCC_WARN_UNINITIALIZED_AUTOS = YES_AGGRESSIVE;
				GCC_WARN_UNUSED_FUNCTION = YES;
				GCC_WARN_UNUSED_VARIABLE = YES;
				IPHONEOS_DEPLOYMENT_TARGET = 13.5;
				MTL_ENABLE_DEBUG_INFO = NO;
				MTL_FAST_MATH = YES;
				SDKROOT = iphoneos;
				SWIFT_COMPILATION_MODE = wholemodule;
				SWIFT_OPTIMIZATION_LEVEL = "-O";
				VALIDATE_PRODUCT = YES;
			};
			name = Release;
		};
		18F6F07924D1C3360068AFA2 /* Debug */ = {
			isa = XCBuildConfiguration;
			buildSettings = {
				ASSETCATALOG_COMPILER_APPICON_NAME = AppIcon;
				CODE_SIGN_STYLE = Automatic;
				INFOPLIST_FILE = Voyage/Info.plist;
				LD_RUNPATH_SEARCH_PATHS = (
					"$(inherited)",
					"@executable_path/Frameworks",
				);
				PRODUCT_BUNDLE_IDENTIFIER = KWK.Voyage;
				PRODUCT_NAME = "$(TARGET_NAME)";
				SWIFT_VERSION = 5.0;
				TARGETED_DEVICE_FAMILY = "1,2";
			};
			name = Debug;
		};
		18F6F07A24D1C3360068AFA2 /* Release */ = {
			isa = XCBuildConfiguration;
			buildSettings = {
				ASSETCATALOG_COMPILER_APPICON_NAME = AppIcon;
				CODE_SIGN_STYLE = Automatic;
				INFOPLIST_FILE = Voyage/Info.plist;
				LD_RUNPATH_SEARCH_PATHS = (
					"$(inherited)",
					"@executable_path/Frameworks",
				);
				PRODUCT_BUNDLE_IDENTIFIER = KWK.Voyage;
				PRODUCT_NAME = "$(TARGET_NAME)";
				SWIFT_VERSION = 5.0;
				TARGETED_DEVICE_FAMILY = "1,2";
			};
			name = Release;
		};
		18F6F07C24D1C3360068AFA2 /* Debug */ = {
			isa = XCBuildConfiguration;
			buildSettings = {
				ALWAYS_EMBED_SWIFT_STANDARD_LIBRARIES = YES;
				BUNDLE_LOADER = "$(TEST_HOST)";
				CODE_SIGN_STYLE = Automatic;
				INFOPLIST_FILE = VoyageTests/Info.plist;
				IPHONEOS_DEPLOYMENT_TARGET = 13.5;
				LD_RUNPATH_SEARCH_PATHS = (
					"$(inherited)",
					"@executable_path/Frameworks",
					"@loader_path/Frameworks",
				);
				PRODUCT_BUNDLE_IDENTIFIER = KWK.VoyageTests;
				PRODUCT_NAME = "$(TARGET_NAME)";
				SWIFT_VERSION = 5.0;
				TARGETED_DEVICE_FAMILY = "1,2";
				TEST_HOST = "$(BUILT_PRODUCTS_DIR)/Voyage.app/Voyage";
			};
			name = Debug;
		};
		18F6F07D24D1C3360068AFA2 /* Release */ = {
			isa = XCBuildConfiguration;
			buildSettings = {
				ALWAYS_EMBED_SWIFT_STANDARD_LIBRARIES = YES;
				BUNDLE_LOADER = "$(TEST_HOST)";
				CODE_SIGN_STYLE = Automatic;
				INFOPLIST_FILE = VoyageTests/Info.plist;
				IPHONEOS_DEPLOYMENT_TARGET = 13.5;
				LD_RUNPATH_SEARCH_PATHS = (
					"$(inherited)",
					"@executable_path/Frameworks",
					"@loader_path/Frameworks",
				);
				PRODUCT_BUNDLE_IDENTIFIER = KWK.VoyageTests;
				PRODUCT_NAME = "$(TARGET_NAME)";
				SWIFT_VERSION = 5.0;
				TARGETED_DEVICE_FAMILY = "1,2";
				TEST_HOST = "$(BUILT_PRODUCTS_DIR)/Voyage.app/Voyage";
			};
			name = Release;
		};
		18F6F07F24D1C3360068AFA2 /* Debug */ = {
			isa = XCBuildConfiguration;
			buildSettings = {
				ALWAYS_EMBED_SWIFT_STANDARD_LIBRARIES = YES;
				CODE_SIGN_STYLE = Automatic;
				INFOPLIST_FILE = VoyageUITests/Info.plist;
				LD_RUNPATH_SEARCH_PATHS = (
					"$(inherited)",
					"@executable_path/Frameworks",
					"@loader_path/Frameworks",
				);
				PRODUCT_BUNDLE_IDENTIFIER = KWK.VoyageUITests;
				PRODUCT_NAME = "$(TARGET_NAME)";
				SWIFT_VERSION = 5.0;
				TARGETED_DEVICE_FAMILY = "1,2";
				TEST_TARGET_NAME = Voyage;
			};
			name = Debug;
		};
		18F6F08024D1C3360068AFA2 /* Release */ = {
			isa = XCBuildConfiguration;
			buildSettings = {
				ALWAYS_EMBED_SWIFT_STANDARD_LIBRARIES = YES;
				CODE_SIGN_STYLE = Automatic;
				INFOPLIST_FILE = VoyageUITests/Info.plist;
				LD_RUNPATH_SEARCH_PATHS = (
					"$(inherited)",
					"@executable_path/Frameworks",
					"@loader_path/Frameworks",
				);
				PRODUCT_BUNDLE_IDENTIFIER = KWK.VoyageUITests;
				PRODUCT_NAME = "$(TARGET_NAME)";
				SWIFT_VERSION = 5.0;
				TARGETED_DEVICE_FAMILY = "1,2";
				TEST_TARGET_NAME = Voyage;
			};
			name = Release;
		};
/* End XCBuildConfiguration section */

/* Begin XCConfigurationList section */
		18F6F04624D1C3330068AFA2 /* Build configuration list for PBXProject "Voyage" */ = {
			isa = XCConfigurationList;
			buildConfigurations = (
				18F6F07624D1C3360068AFA2 /* Debug */,
				18F6F07724D1C3360068AFA2 /* Release */,
			);
			defaultConfigurationIsVisible = 0;
			defaultConfigurationName = Release;
		};
		18F6F07824D1C3360068AFA2 /* Build configuration list for PBXNativeTarget "Voyage" */ = {
			isa = XCConfigurationList;
			buildConfigurations = (
				18F6F07924D1C3360068AFA2 /* Debug */,
				18F6F07A24D1C3360068AFA2 /* Release */,
			);
			defaultConfigurationIsVisible = 0;
			defaultConfigurationName = Release;
		};
		18F6F07B24D1C3360068AFA2 /* Build configuration list for PBXNativeTarget "VoyageTests" */ = {
			isa = XCConfigurationList;
			buildConfigurations = (
				18F6F07C24D1C3360068AFA2 /* Debug */,
				18F6F07D24D1C3360068AFA2 /* Release */,
			);
			defaultConfigurationIsVisible = 0;
			defaultConfigurationName = Release;
		};
		18F6F07E24D1C3360068AFA2 /* Build configuration list for PBXNativeTarget "VoyageUITests" */ = {
			isa = XCConfigurationList;
			buildConfigurations = (
				18F6F07F24D1C3360068AFA2 /* Debug */,
				18F6F08024D1C3360068AFA2 /* Release */,
			);
			defaultConfigurationIsVisible = 0;
			defaultConfigurationName = Release;
		};
/* End XCConfigurationList section */

/* Begin XCVersionGroup section */
		18F6F05724D1C3330068AFA2 /* Voyage.xcdatamodeld */ = {
			isa = XCVersionGroup;
			children = (
				18F6F05824D1C3330068AFA2 /* Voyage.xcdatamodel */,
			);
			currentVersion = 18F6F05824D1C3330068AFA2 /* Voyage.xcdatamodel */;
			path = Voyage.xcdatamodeld;
			sourceTree = "<group>";
			versionGroupType = wrapper.xcdatamodel;
		};
/* End XCVersionGroup section */
	};
	rootObject = 18F6F04324D1C3330068AFA2 /* Project object */;
}
